
Microsoft Visual Studio Solution File, Format Version 12.00
# Visual Studio Version 16
VisualStudioVersion = 16.0.31313.79
MinimumVisualStudioVersion = 10.0.40219.1
Project("{FAE04EC0-301F-11D3-BF4B-00C04F79EFBC}") = "ERP.Server", "ERP\Server\ERP.Server.csproj", "{BAF26B9F-1F9F-4B9C-A6C8-E1AC74BBE705}"
EndProject
Project("{FAE04EC0-301F-11D3-BF4B-00C04F79EFBC}") = "ERP.Client", "ERP\Client\ERP.Client.csproj", "{91A1D64F-D4E4-4D4F-9F4A-45CC43439AD4}"
EndProject
Project("{FAE04EC0-301F-11D3-BF4B-00C04F79EFBC}") = "ERP.Shared", "ERP\Shared\ERP.Shared.csproj", "{C28CC326-CD67-495B-952F-37FB55904A30}"
EndProject
Global
	GlobalSection(SolutionConfigurationPlatforms) = preSolution
		Debug|Any CPU = Debug|Any CPU
		Release|Any CPU = Release|Any CPU
	EndGlobalSection
	GlobalSection(ProjectConfigurationPlatforms) = postSolution
		{BAF26B9F-1F9F-4B9C-A6C8-E1AC74BBE705}.Debug|Any CPU.ActiveCfg = Debug|Any CPU
		{BAF26B9F-1F9F-4B9C-A6C8-E1AC74BBE705}.Debug|Any CPU.Build.0 = Debug|Any CPU
		{BAF26B9F-1F9F-4B9C-A6C8-E1AC74BBE705}.Release|Any CPU.ActiveCfg = Release|Any CPU
		{BAF26B9F-1F9F-4B9C-A6C8-E1AC74BBE705}.Release|Any CPU.Build.0 = Release|Any CPU
		{91A1D64F-D4E4-4D4F-9F4A-45CC43439AD4}.Debug|Any CPU.ActiveCfg = Debug|Any CPU
		{91A1D64F-D4E4-4D4F-9F4A-45CC43439AD4}.Debug|Any CPU.Build.0 = Debug|Any CPU
		{91A1D64F-D4E4-4D4F-9F4A-45CC43439AD4}.Release|Any CPU.ActiveCfg = Release|Any CPU
		{91A1D64F-D4E4-4D4F-9F4A-45CC43439AD4}.Release|Any CPU.Build.0 = Release|Any CPU
		{C28CC326-CD67-495B-952F-37FB55904A30}.Debug|Any CPU.ActiveCfg = Debug|Any CPU
		{C28CC326-CD67-495B-952F-37FB55904A30}.Debug|Any CPU.Build.0 = Debug|Any CPU
		{C28CC326-CD67-495B-952F-37FB55904A30}.Release|Any CPU.ActiveCfg = Release|Any CPU
		{C28CC326-CD67-495B-952F-37FB55904A30}.Release|Any CPU.Build.0 = Release|Any CPU
	EndGlobalSection
	GlobalSection(SolutionProperties) = preSolution
		HideSolutionNode = FALSE
	EndGlobalSection
	GlobalSection(ExtensibilityGlobals) = postSolution
		SolutionGuid = {6B1E7C8C-901A-41C7-B0D3-163924F61D27}
	EndGlobalSection
EndGlobal
