
Microsoft Visual Studio Solution File, Format Version 12.00
# Visual Studio Version 16
VisualStudioVersion = 16.0.31313.79
MinimumVisualStudioVersion = 10.0.40219.1
Project("{9A19103F-16F7-4668-BE54-9A1E7A4F7556}") = "ERP.Server", "ERP\Server\ERP.Server.csproj", "{BAF26B9F-1F9F-4B9C-A6C8-E1AC74BBE705}"
EndProject
Project("{9A19103F-16F7-4668-BE54-9A1E7A4F7556}") = "ERP.Client", "ERP\Client\ERP.Client.csproj", "{91A1D64F-D4E4-4D4F-9F4A-45CC43439AD4}"
EndProject
Project("{2150E333-8FDC-42A3-9474-1A3956D46DE8}") = "Presentation", "Presentation", "{40A8FEF9-52DD-4307-A412-A4A32D57F216}"
EndProject
Project("{2150E333-8FDC-42A3-9474-1A3956D46DE8}") = "Core", "Core", "{45B42C30-6DAD-40BE-96CD-FA9AEB80D740}"
EndProject
Project("{2150E333-8FDC-42A3-9474-1A3956D46DE8}") = "Infrastructure", "Infrastructure", "{8D3C5105-292A-4164-946F-885F4A7B892A}"
EndProject
Project("{9A19103F-16F7-4668-BE54-9A1E7A4F7556}") = "ERP.HRM.Services.Contracts", "ERP.HRM.Services.Contracts\ERP.HRM.Services.Contracts.csproj", "{F9B532A9-ACE7-4F29-BAC1-D8C8CAB8B714}"
EndProject
Project("{2150E333-8FDC-42A3-9474-1A3956D46DE8}") = "Shared", "Shared", "{E74F370F-9B5A-43CC-95BD-2EE0D035BCC2}"
EndProject
Project("{9A19103F-16F7-4668-BE54-9A1E7A4F7556}") = "ERP.Shared", "ERP.Shared\ERP.Shared.csproj", "{5029CC51-43F1-4475-98F0-1E5A36CA5D81}"
EndProject
Project("{9A19103F-16F7-4668-BE54-9A1E7A4F7556}") = "ERP.Models", "ERP.Models\ERP.Models.csproj", "{8237222F-2C38-4C1E-97FF-E945D22DCECD}"
EndProject
Project("{2150E333-8FDC-42A3-9474-1A3956D46DE8}") = "HRM", "HRM", "{A8A493F5-C1CD-4BBD-92B6-86C93D3FB206}"
EndProject
Project("{9A19103F-16F7-4668-BE54-9A1E7A4F7556}") = "ERP.HRM.Data.Contracts", "ERP.HRM.Data.Contracts\ERP.HRM.Data.Contracts.csproj", "{0FD763DF-AAB6-45CE-AEBF-3C82320D8E57}"
EndProject
Project("{9A19103F-16F7-4668-BE54-9A1E7A4F7556}") = "ERP.HRM.Services", "ERP.HRM.Services\ERP.HRM.Services.csproj", "{B57DE2E6-BA0B-4CE4-8ACB-38377FD5BE65}"
EndProject
Project("{2150E333-8FDC-42A3-9474-1A3956D46DE8}") = "HRM", "HRM", "{10D7CCFC-5CF1-4ACB-A1A5-A428ACDB35A3}"
EndProject
Project("{9A19103F-16F7-4668-BE54-9A1E7A4F7556}") = "ERP.HRM.Data", "ERP.HRM.Data\ERP.HRM.Data.csproj", "{18CBA5A4-E2FB-4A62-91A9-8C55C0A597CF}"
EndProject
Project("{2150E333-8FDC-42A3-9474-1A3956D46DE8}") = "Data", "Data", "{BB65800D-3D35-401D-A8AB-C78C806BCC4C}"
EndProject
Project("{2150E333-8FDC-42A3-9474-1A3956D46DE8}") = "Web", "Web", "{4D8E078B-2114-42F2-8ECF-33BC2D4D95C9}"
EndProject
Project("{FAE04EC0-301F-11D3-BF4B-00C04F79EFBC}") = "ERP.HRM.Web.API", "ERP.Web.API\ERP.HRM.Web.API.csproj", "{1C988540-7EC5-493D-A86D-91062C22591B}"
EndProject
Global
	GlobalSection(SolutionConfigurationPlatforms) = preSolution
		Debug|Any CPU = Debug|Any CPU
		Release|Any CPU = Release|Any CPU
	EndGlobalSection
	GlobalSection(ProjectConfigurationPlatforms) = postSolution
		{BAF26B9F-1F9F-4B9C-A6C8-E1AC74BBE705}.Debug|Any CPU.ActiveCfg = Debug|Any CPU
		{BAF26B9F-1F9F-4B9C-A6C8-E1AC74BBE705}.Debug|Any CPU.Build.0 = Debug|Any CPU
		{BAF26B9F-1F9F-4B9C-A6C8-E1AC74BBE705}.Release|Any CPU.ActiveCfg = Release|Any CPU
		{BAF26B9F-1F9F-4B9C-A6C8-E1AC74BBE705}.Release|Any CPU.Build.0 = Release|Any CPU
		{91A1D64F-D4E4-4D4F-9F4A-45CC43439AD4}.Debug|Any CPU.ActiveCfg = Debug|Any CPU
		{91A1D64F-D4E4-4D4F-9F4A-45CC43439AD4}.Debug|Any CPU.Build.0 = Debug|Any CPU
		{91A1D64F-D4E4-4D4F-9F4A-45CC43439AD4}.Release|Any CPU.ActiveCfg = Release|Any CPU
		{91A1D64F-D4E4-4D4F-9F4A-45CC43439AD4}.Release|Any CPU.Build.0 = Release|Any CPU
		{F9B532A9-ACE7-4F29-BAC1-D8C8CAB8B714}.Debug|Any CPU.ActiveCfg = Debug|Any CPU
		{F9B532A9-ACE7-4F29-BAC1-D8C8CAB8B714}.Debug|Any CPU.Build.0 = Debug|Any CPU
		{F9B532A9-ACE7-4F29-BAC1-D8C8CAB8B714}.Release|Any CPU.ActiveCfg = Release|Any CPU
		{F9B532A9-ACE7-4F29-BAC1-D8C8CAB8B714}.Release|Any CPU.Build.0 = Release|Any CPU
		{5029CC51-43F1-4475-98F0-1E5A36CA5D81}.Debug|Any CPU.ActiveCfg = Debug|Any CPU
		{5029CC51-43F1-4475-98F0-1E5A36CA5D81}.Debug|Any CPU.Build.0 = Debug|Any CPU
		{5029CC51-43F1-4475-98F0-1E5A36CA5D81}.Release|Any CPU.ActiveCfg = Release|Any CPU
		{5029CC51-43F1-4475-98F0-1E5A36CA5D81}.Release|Any CPU.Build.0 = Release|Any CPU
		{8237222F-2C38-4C1E-97FF-E945D22DCECD}.Debug|Any CPU.ActiveCfg = Debug|Any CPU
		{8237222F-2C38-4C1E-97FF-E945D22DCECD}.Debug|Any CPU.Build.0 = Debug|Any CPU
		{8237222F-2C38-4C1E-97FF-E945D22DCECD}.Release|Any CPU.ActiveCfg = Release|Any CPU
		{8237222F-2C38-4C1E-97FF-E945D22DCECD}.Release|Any CPU.Build.0 = Release|Any CPU
		{0FD763DF-AAB6-45CE-AEBF-3C82320D8E57}.Debug|Any CPU.ActiveCfg = Debug|Any CPU
		{0FD763DF-AAB6-45CE-AEBF-3C82320D8E57}.Debug|Any CPU.Build.0 = Debug|Any CPU
		{0FD763DF-AAB6-45CE-AEBF-3C82320D8E57}.Release|Any CPU.ActiveCfg = Release|Any CPU
		{0FD763DF-AAB6-45CE-AEBF-3C82320D8E57}.Release|Any CPU.Build.0 = Release|Any CPU
		{B57DE2E6-BA0B-4CE4-8ACB-38377FD5BE65}.Debug|Any CPU.ActiveCfg = Debug|Any CPU
		{B57DE2E6-BA0B-4CE4-8ACB-38377FD5BE65}.Debug|Any CPU.Build.0 = Debug|Any CPU
		{B57DE2E6-BA0B-4CE4-8ACB-38377FD5BE65}.Release|Any CPU.ActiveCfg = Release|Any CPU
		{B57DE2E6-BA0B-4CE4-8ACB-38377FD5BE65}.Release|Any CPU.Build.0 = Release|Any CPU
		{18CBA5A4-E2FB-4A62-91A9-8C55C0A597CF}.Debug|Any CPU.ActiveCfg = Debug|Any CPU
		{18CBA5A4-E2FB-4A62-91A9-8C55C0A597CF}.Debug|Any CPU.Build.0 = Debug|Any CPU
		{18CBA5A4-E2FB-4A62-91A9-8C55C0A597CF}.Release|Any CPU.ActiveCfg = Release|Any CPU
		{18CBA5A4-E2FB-4A62-91A9-8C55C0A597CF}.Release|Any CPU.Build.0 = Release|Any CPU
		{1C988540-7EC5-493D-A86D-91062C22591B}.Debug|Any CPU.ActiveCfg = Debug|Any CPU
		{1C988540-7EC5-493D-A86D-91062C22591B}.Debug|Any CPU.Build.0 = Debug|Any CPU
		{1C988540-7EC5-493D-A86D-91062C22591B}.Release|Any CPU.ActiveCfg = Release|Any CPU
		{1C988540-7EC5-493D-A86D-91062C22591B}.Release|Any CPU.Build.0 = Release|Any CPU
	EndGlobalSection
	GlobalSection(SolutionProperties) = preSolution
		HideSolutionNode = FALSE
	EndGlobalSection
	GlobalSection(NestedProjects) = preSolution
		{BAF26B9F-1F9F-4B9C-A6C8-E1AC74BBE705} = {40A8FEF9-52DD-4307-A412-A4A32D57F216}
		{91A1D64F-D4E4-4D4F-9F4A-45CC43439AD4} = {40A8FEF9-52DD-4307-A412-A4A32D57F216}
		{F9B532A9-ACE7-4F29-BAC1-D8C8CAB8B714} = {A8A493F5-C1CD-4BBD-92B6-86C93D3FB206}
		{5029CC51-43F1-4475-98F0-1E5A36CA5D81} = {E74F370F-9B5A-43CC-95BD-2EE0D035BCC2}
		{8237222F-2C38-4C1E-97FF-E945D22DCECD} = {45B42C30-6DAD-40BE-96CD-FA9AEB80D740}
		{A8A493F5-C1CD-4BBD-92B6-86C93D3FB206} = {45B42C30-6DAD-40BE-96CD-FA9AEB80D740}
		{0FD763DF-AAB6-45CE-AEBF-3C82320D8E57} = {A8A493F5-C1CD-4BBD-92B6-86C93D3FB206}
		{B57DE2E6-BA0B-4CE4-8ACB-38377FD5BE65} = {A8A493F5-C1CD-4BBD-92B6-86C93D3FB206}
		{10D7CCFC-5CF1-4ACB-A1A5-A428ACDB35A3} = {8D3C5105-292A-4164-946F-885F4A7B892A}
		{18CBA5A4-E2FB-4A62-91A9-8C55C0A597CF} = {BB65800D-3D35-401D-A8AB-C78C806BCC4C}
		{BB65800D-3D35-401D-A8AB-C78C806BCC4C} = {10D7CCFC-5CF1-4ACB-A1A5-A428ACDB35A3}
		{4D8E078B-2114-42F2-8ECF-33BC2D4D95C9} = {10D7CCFC-5CF1-4ACB-A1A5-A428ACDB35A3}
		{1C988540-7EC5-493D-A86D-91062C22591B} = {4D8E078B-2114-42F2-8ECF-33BC2D4D95C9}
	EndGlobalSection
	GlobalSection(ExtensibilityGlobals) = postSolution
		SolutionGuid = {6B1E7C8C-901A-41C7-B0D3-163924F61D27}
	EndGlobalSection
EndGlobal
